
Microsoft Visual Studio Solution File, Format Version 12.00
# Visual Studio Version 17
VisualStudioVersion = 17.10.35122.118
MinimumVisualStudioVersion = 10.0.40219.1
Project("{9A19103F-16F7-4668-BE54-9A1E7A4F7556}") = "API_Desafio.API", ".\API_Desafio.API\API_Desafio.API.csproj", "{1E9763EF-5654-4B00-B689-3651AA34EEC1}"
EndProject
Project("{E53339B2-1760-4266-BCC7-CA923CBCF16C}") = "docker-compose", "docker-compose.dcproj", "{14FF6502-BEFF-4522-A3F1-DBFC2B9B73EB}"
EndProject
Project("{FAE04EC0-301F-11D3-BF4B-00C04F79EFBC}") = "API_Desafio.Domain", ".\API_Desafio.Domain\API_Desafio.Domain.csproj", "{665C8BD4-FDEE-4BA8-97E4-F47ACDDAAC5E}"
EndProject
Project("{FAE04EC0-301F-11D3-BF4B-00C04F79EFBC}") = "API_Desafio.Infrastructure", ".\API_Desafio.Infrastructure\API_Desafio.Infrastructure.csproj", "{D1B7BE24-BF53-4A75-89FB-C3DB41494865}"
EndProject
Project("{FAE04EC0-301F-11D3-BF4B-00C04F79EFBC}") = "API_Desafio.Application", ".\API_Desafio.ApplicationServices\API_Desafio.Application.csproj", "{451D6318-30AD-411D-B802-1BD55FFD0DC0}"
EndProject
Global
	GlobalSection(SolutionConfigurationPlatforms) = preSolution
		Debug|Any CPU = Debug|Any CPU
		Release|Any CPU = Release|Any CPU
	EndGlobalSection
	GlobalSection(ProjectConfigurationPlatforms) = postSolution
		{1E9763EF-5654-4B00-B689-3651AA34EEC1}.Debug|Any CPU.ActiveCfg = Debug|Any CPU
		{1E9763EF-5654-4B00-B689-3651AA34EEC1}.Debug|Any CPU.Build.0 = Debug|Any CPU
		{1E9763EF-5654-4B00-B689-3651AA34EEC1}.Release|Any CPU.ActiveCfg = Release|Any CPU
		{1E9763EF-5654-4B00-B689-3651AA34EEC1}.Release|Any CPU.Build.0 = Release|Any CPU
		{14FF6502-BEFF-4522-A3F1-DBFC2B9B73EB}.Debug|Any CPU.ActiveCfg = Debug|Any CPU
		{14FF6502-BEFF-4522-A3F1-DBFC2B9B73EB}.Debug|Any CPU.Build.0 = Debug|Any CPU
		{14FF6502-BEFF-4522-A3F1-DBFC2B9B73EB}.Release|Any CPU.ActiveCfg = Release|Any CPU
		{14FF6502-BEFF-4522-A3F1-DBFC2B9B73EB}.Release|Any CPU.Build.0 = Release|Any CPU
		{665C8BD4-FDEE-4BA8-97E4-F47ACDDAAC5E}.Debug|Any CPU.ActiveCfg = Debug|Any CPU
		{665C8BD4-FDEE-4BA8-97E4-F47ACDDAAC5E}.Debug|Any CPU.Build.0 = Debug|Any CPU
		{665C8BD4-FDEE-4BA8-97E4-F47ACDDAAC5E}.Release|Any CPU.ActiveCfg = Release|Any CPU
		{665C8BD4-FDEE-4BA8-97E4-F47ACDDAAC5E}.Release|Any CPU.Build.0 = Release|Any CPU
		{D1B7BE24-BF53-4A75-89FB-C3DB41494865}.Debug|Any CPU.ActiveCfg = Debug|Any CPU
		{D1B7BE24-BF53-4A75-89FB-C3DB41494865}.Debug|Any CPU.Build.0 = Debug|Any CPU
		{D1B7BE24-BF53-4A75-89FB-C3DB41494865}.Release|Any CPU.ActiveCfg = Release|Any CPU
		{D1B7BE24-BF53-4A75-89FB-C3DB41494865}.Release|Any CPU.Build.0 = Release|Any CPU
		{451D6318-30AD-411D-B802-1BD55FFD0DC0}.Debug|Any CPU.ActiveCfg = Debug|Any CPU
		{451D6318-30AD-411D-B802-1BD55FFD0DC0}.Debug|Any CPU.Build.0 = Debug|Any CPU
		{451D6318-30AD-411D-B802-1BD55FFD0DC0}.Release|Any CPU.ActiveCfg = Release|Any CPU
		{451D6318-30AD-411D-B802-1BD55FFD0DC0}.Release|Any CPU.Build.0 = Release|Any CPU
	EndGlobalSection
	GlobalSection(SolutionProperties) = preSolution
		HideSolutionNode = FALSE
	EndGlobalSection
	GlobalSection(ExtensibilityGlobals) = postSolution
		SolutionGuid = {44977091-BE06-4D83-A8E7-C930BFA20DFD}
	EndGlobalSection
EndGlobal
